
Microsoft Visual Studio Solution File, Format Version 12.00
# Visual Studio 2013
VisualStudioVersion = 12.0.31101.0
MinimumVisualStudioVersion = 10.0.40219.1
Project("{FAE04EC0-301F-11D3-BF4B-00C04F79EFBC}") = "Blog", "Blog\Blog.csproj", "{46D2C8B7-8D98-4230-87C1-B09889E0393C}"
EndProject
Project("{FAE04EC0-301F-11D3-BF4B-00C04F79EFBC}") = "Blog.Tests", "Blog.Tests\Blog.Tests.csproj", "{5D4C3CF5-6EB2-4B41-AAE6-352CD8703235}"
EndProject
Project("{2150E333-8FDC-42A3-9474-1A3956D46DE8}") = ".nuget", ".nuget", "{78C6CA20-13E3-4CFF-BBDE-6A73D5404D0C}"
	ProjectSection(SolutionItems) = preProject
		.nuget\packages.config = .nuget\packages.config
	EndProjectSection
EndProject
Global
	GlobalSection(SolutionConfigurationPlatforms) = preSolution
		Debug|Any CPU = Debug|Any CPU
		Release|Any CPU = Release|Any CPU
	EndGlobalSection
	GlobalSection(ProjectConfigurationPlatforms) = postSolution
		{46D2C8B7-8D98-4230-87C1-B09889E0393C}.Debug|Any CPU.ActiveCfg = Debug|Any CPU
		{46D2C8B7-8D98-4230-87C1-B09889E0393C}.Debug|Any CPU.Build.0 = Debug|Any CPU
		{46D2C8B7-8D98-4230-87C1-B09889E0393C}.Release|Any CPU.ActiveCfg = Release|Any CPU
		{46D2C8B7-8D98-4230-87C1-B09889E0393C}.Release|Any CPU.Build.0 = Release|Any CPU
		{5D4C3CF5-6EB2-4B41-AAE6-352CD8703235}.Debug|Any CPU.ActiveCfg = Debug|Any CPU
		{5D4C3CF5-6EB2-4B41-AAE6-352CD8703235}.Debug|Any CPU.Build.0 = Debug|Any CPU
		{5D4C3CF5-6EB2-4B41-AAE6-352CD8703235}.Release|Any CPU.ActiveCfg = Release|Any CPU
		{5D4C3CF5-6EB2-4B41-AAE6-352CD8703235}.Release|Any CPU.Build.0 = Release|Any CPU
	EndGlobalSection
	GlobalSection(SolutionProperties) = preSolution
		HideSolutionNode = FALSE
	EndGlobalSection
EndGlobal
